
Microsoft Visual Studio Solution File, Format Version 12.00
# Visual Studio Version 17
VisualStudioVersion = 17.14.37111.16 d17.14
MinimumVisualStudioVersion = 10.0.40219.1
Project("{FAE04EC0-301F-11D3-BF4B-00C04F79EFBC}") = "MortarLib", "MortarLib\MortarLib.csproj", "{B1C6FC09-D90E-4E0D-88A3-E677F5739432}"
EndProject
Global
	GlobalSection(SolutionConfigurationPlatforms) = preSolution
		Debug|Any CPU = Debug|Any CPU
		Release|Any CPU = Release|Any CPU
	EndGlobalSection
	GlobalSection(ProjectConfigurationPlatforms) = postSolution
		{B1C6FC09-D90E-4E0D-88A3-E677F5739432}.Debug|Any CPU.ActiveCfg = Debug|Any CPU
		{B1C6FC09-D90E-4E0D-88A3-E677F5739432}.Debug|Any CPU.Build.0 = Debug|Any CPU
		{B1C6FC09-D90E-4E0D-88A3-E677F5739432}.Release|Any CPU.ActiveCfg = Release|Any CPU
		{B1C6FC09-D90E-4E0D-88A3-E677F5739432}.Release|Any CPU.Build.0 = Release|Any CPU
	EndGlobalSection
	GlobalSection(SolutionProperties) = preSolution
		HideSolutionNode = FALSE
	EndGlobalSection
	GlobalSection(ExtensibilityGlobals) = postSolution
		SolutionGuid = {4173E947-F977-4A61-B22D-8E9C595B4AC4}
	EndGlobalSection
EndGlobal
